<?xml version="1.0" encoding="utf-8"?>
<Project ToolsVersion="4.0" xmlns="http://schemas.microsoft.com/developer/msbuild/2003">
  <ItemGroup>
    <Filter Include="Source Files">
      <UniqueIdentifier>{4FC737F1-C7A5-4376-A066-2A32D752A2FF}</UniqueIdentifier>
      <Extensions>cpp;c;cc;cxx;def;odl;idl;hpj;bat;asm;asmx</Extensions>
    </Filter>
    <Filter Include="Header Files">
      <UniqueIdentifier>{93995380-89BD-4b04-88EB-625FBE52EBFB}</UniqueIdentifier>
      <Extensions>h;hpp;hxx;hm;inl;inc;xsd</Extensions>
    </Filter>
    <Filter Include="Resource Files">
      <UniqueIdentifier>{67DA6AB6-F800-4c08-8B7A-83BB121AAD01}</UniqueIdentifier>
      <Extensions>rc;ico;cur;bmp;dlg;rc2;rct;bin;rgs;gif;jpg;jpeg;jpe;resx;tiff;tif;png;wav;mfcribbon-ms</Extensions>
    </Filter>
    <Filter Include="dbf">
      <UniqueIdentifier>{8096e791-49ed-4742-81ed-32feab4a45c1}</UniqueIdentifier>
    </Filter>
  </ItemGroup>
  <ItemGroup>
    <None Include="small.ico">
      <Filter>Resource Files</Filter>
    </None>
    <None Include="vjr.ico">
      <Filter>Resource Files</Filter>
    </None>
  </ItemGroup>
  <ItemGroup>
    <ResourceCompile Include="vjr.rc">
      <Filter>Resource Files</Filter>
    </ResourceCompile>
  </ItemGroup>
  <ItemGroup>
    <ClCompile Include="..\vjr.cpp">
      <Filter>Source Files</Filter>
    </ClCompile>
    <ClCompile Include="..\bmps\bmps.cpp">
      <Filter>Source Files</Filter>
    </ClCompile>
    <ClCompile Include="..\dbf\cdx.cpp">
      <Filter>dbf</Filter>
    </ClCompile>
    <ClCompile Include="..\dbf\dbc.cpp">
      <Filter>dbf</Filter>
    </ClCompile>
    <ClCompile Include="..\dbf\dbf.cpp">
      <Filter>dbf</Filter>
    </ClCompile>
  </ItemGroup>
  <ItemGroup>
    <ClInclude Include="..\vjr_structs.h">
      <Filter>Header Files</Filter>
    </ClInclude>
    <ClInclude Include="..\engine.h">
      <Filter>Header Files</Filter>
    </ClInclude>
    <ClInclude Include="..\fonts.h">
      <Filter>Header Files</Filter>
    </ClInclude>
    <ClInclude Include="..\grace.h">
      <Filter>Header Files</Filter>
    </ClInclude>
    <ClInclude Include="..\resource.h">
      <Filter>Header Files</Filter>
    </ClInclude>
    <ClInclude Include="..\sem.h">
      <Filter>Header Files</Filter>
    </ClInclude>
    <ClInclude Include="..\sem_line.h">
      <Filter>Header Files</Filter>
    </ClInclude>
    <ClInclude Include="..\targetver.h">
      <Filter>Header Files</Filter>
    </ClInclude>
    <ClInclude Include="..\vjr.h">
      <Filter>Header Files</Filter>
    </ClInclude>
    <ClInclude Include="..\vjr_compile_time_settings.h">
      <Filter>Header Files</Filter>
    </ClInclude>
    <ClInclude Include="..\vjr_const.h">
      <Filter>Header Files</Filter>
    </ClInclude>
    <ClInclude Include="..\vjr_defs.h">
      <Filter>Header Files</Filter>
    </ClInclude>
    <ClInclude Include="..\vjr_globals.h">
      <Filter>Header Files</Filter>
    </ClInclude>
    <ClInclude Include="..\vjr_structs0.h">
      <Filter>Header Files</Filter>
    </ClInclude>
    <ClInclude Include="..\..\..\utils\common\cpp\common_types.h">
      <Filter>Header Files</Filter>
    </ClInclude>
    <ClInclude Include="..\dbf\dbf_defs.h">
      <Filter>dbf</Filter>
    </ClInclude>
    <ClInclude Include="..\dbf\dbf.h">
      <Filter>dbf</Filter>
    </ClInclude>
  </ItemGroup>
</Project>