
Microsoft Visual Studio Solution File, Format Version 10.00
# Visual Studio 2008
Project("{8BC9CEB8-8B4A-11D0-8D11-00A0C91BC942}") = "oppie1", "oppie1.vcproj", "{39773ABB-C29B-4DBD-B4BD-4F282F65E183}"
EndProject
Project("{8BC9CEB8-8B4A-11D0-8D11-00A0C91BC942}") = "oppie1_lasm", "..\oppie1_lasm\oppie1_lasm.vcproj", "{BD799102-28F5-48C0-94FF-33E574A749D9}"
EndProject
Global
	GlobalSection(SolutionConfigurationPlatforms) = preSolution
		Debug|Win32 = Debug|Win32
		Release|Win32 = Release|Win32
	EndGlobalSection
	GlobalSection(ProjectConfigurationPlatforms) = postSolution
		{39773ABB-C29B-4DBD-B4BD-4F282F65E183}.Debug|Win32.ActiveCfg = Debug|Win32
		{39773ABB-C29B-4DBD-B4BD-4F282F65E183}.Debug|Win32.Build.0 = Debug|Win32
		{39773ABB-C29B-4DBD-B4BD-4F282F65E183}.Release|Win32.ActiveCfg = Release|Win32
		{39773ABB-C29B-4DBD-B4BD-4F282F65E183}.Release|Win32.Build.0 = Release|Win32
		{BD799102-28F5-48C0-94FF-33E574A749D9}.Debug|Win32.ActiveCfg = Debug|Win32
		{BD799102-28F5-48C0-94FF-33E574A749D9}.Debug|Win32.Build.0 = Debug|Win32
		{BD799102-28F5-48C0-94FF-33E574A749D9}.Release|Win32.ActiveCfg = Release|Win32
		{BD799102-28F5-48C0-94FF-33E574A749D9}.Release|Win32.Build.0 = Release|Win32
	EndGlobalSection
	GlobalSection(SolutionProperties) = preSolution
		HideSolutionNode = FALSE
	EndGlobalSection
EndGlobal
